
Microsoft Visual Studio Solution File, Format Version 12.00
# Visual Studio Version 17
VisualStudioVersion = 17.9.34701.34
MinimumVisualStudioVersion = 10.0.40219.1
Project("{FAE04EC0-301F-11D3-BF4B-00C04F79EFBC}") = "ActivityTrackerAPI", "ActivityTrackerAPI.csproj", "{A1339761-E836-4275-B38A-329B5154BA02}"
EndProject
Global
	GlobalSection(SolutionConfigurationPlatforms) = preSolution
		Debug|Any CPU = Debug|Any CPU
		Release|Any CPU = Release|Any CPU
	EndGlobalSection
	GlobalSection(ProjectConfigurationPlatforms) = postSolution
		{A1339761-E836-4275-B38A-329B5154BA02}.Debug|Any CPU.ActiveCfg = Debug|Any CPU
		{A1339761-E836-4275-B38A-329B5154BA02}.Debug|Any CPU.Build.0 = Debug|Any CPU
		{A1339761-E836-4275-B38A-329B5154BA02}.Release|Any CPU.ActiveCfg = Release|Any CPU
		{A1339761-E836-4275-B38A-329B5154BA02}.Release|Any CPU.Build.0 = Release|Any CPU
	EndGlobalSection
	GlobalSection(SolutionProperties) = preSolution
		HideSolutionNode = FALSE
	EndGlobalSection
	GlobalSection(ExtensibilityGlobals) = postSolution
		SolutionGuid = {0E9CE189-5432-4C34-A183-2808D09BAC2A}
	EndGlobalSection
EndGlobal
